// !$*UTF8*$!
{
	archiveVersion = 1;
	classes = {
	};
	objectVersion = 46;
	objects = {

/* Begin PBXBuildFile section */
		AADF970F1F6AA4E50030FC61 /* AppDelegate.swift in Sources */ = {isa = PBXBuildFile; fileRef = AADF970E1F6AA4E50030FC61 /* AppDelegate.swift */; };
		AADF97111F6AA4E50030FC61 /* ViewController.swift in Sources */ = {isa = PBXBuildFile; fileRef = AADF97101F6AA4E50030FC61 /* ViewController.swift */; };
		AADF97141F6AA4E50030FC61 /* Main.storyboard in Resources */ = {isa = PBXBuildFile; fileRef = AADF97121F6AA4E50030FC61 /* Main.storyboard */; };
		AADF97161F6AA4E50030FC61 /* Assets.xcassets in Resources */ = {isa = PBXBuildFile; fileRef = AADF97151F6AA4E50030FC61 /* Assets.xcassets */; };
		AADF97191F6AA4E50030FC61 /* LaunchScreen.storyboard in Resources */ = {isa = PBXBuildFile; fileRef = AADF97171F6AA4E50030FC61 /* LaunchScreen.storyboard */; };
/* End PBXBuildFile section */

/* Begin PBXFileReference section */
		AADF970B1F6AA4E50030FC61 /* Fileter.app */ = {isa = PBXFileReference; explicitFileType = wrapper.application; includeInIndex = 0; path = Fileter.app; sourceTree = BUILT_PRODUCTS_DIR; };
		AADF970E1F6AA4E50030FC61 /* AppDelegate.swift */ = {isa = PBXFileReference; lastKnownFileType = sourcecode.swift; path = AppDelegate.swift; sourceTree = "<group>"; };
		AADF97101F6AA4E50030FC61 /* ViewController.swift */ = {isa = PBXFileReference; lastKnownFileType = sourcecode.swift; path = ViewController.swift; sourceTree = "<group>"; };
		AADF97131F6AA4E50030FC61 /* Base */ = {isa = PBXFileReference; lastKnownFileType = file.storyboard; name = Base; path = Base.lproj/Main.storyboard; sourceTree = "<group>"; };
		AADF97151F6AA4E50030FC61 /* Assets.xcassets */ = {isa = PBXFileReference; lastKnownFileType = folder.assetcatalog; path = Assets.xcassets; sourceTree = "<group>"; };
		AADF97181F6AA4E50030FC61 /* Base */ = {isa = PBXFileReference; lastKnownFileType = file.storyboard; name = Base; path = Base.lproj/LaunchScreen.storyboard; sourceTree = "<group>"; };
		AADF971A1F6AA4E50030FC61 /* Info.plist */ = {isa = PBXFileReference; lastKnownFileType = text.plist.xml; path = Info.plist; sourceTree = "<group>"; };
/* End PBXFileReference section */

/* Begin PBXFrameworksBuildPhase section */
		AADF97081F6AA4E50030FC61 /* Frameworks */ = {
			isa = PBXFrameworksBuildPhase;
			buildActionMask = 2147483647;
			files = (
			);
			runOnlyForDeploymentPostprocessing = 0;
		};
/* End PBXFrameworksBuildPhase section */

/* Begin PBXGroup section */
		AADF97021F6AA4E50030FC61 = {
			isa = PBXGroup;
			children = (
				AADF970D1F6AA4E50030FC61 /* Fileter */,
				AADF970C1F6AA4E50030FC61 /* Products */,
			);
			sourceTree = "<group>";
		};
		AADF970C1F6AA4E50030FC61 /* Products */ = {
			isa = PBXGroup;
			children = (
				AADF970B1F6AA4E50030FC61 /* Fileter.app */,
			);
			name = Products;
			sourceTree = "<group>";
		};
		AADF970D1F6AA4E50030FC61 /* Fileter */ = {
			isa = PBXGroup;
			children = (
				AADF970E1F6AA4E50030FC61 /* AppDelegate.swift */,
				AADF97101F6AA4E50030FC61 /* ViewController.swift */,
				AADF97121F6AA4E50030FC61 /* Main.storyboard */,
				AADF97151F6AA4E50030FC61 /* Assets.xcassets */,
				AADF97171F6AA4E50030FC61 /* LaunchScreen.storyboard */,
				AADF971A1F6AA4E50030FC61 /* Info.plist */,
			);
			path = Fileter;
			sourceTree = "<group>";
		};
/* End PBXGroup section */

/* Begin PBXNativeTarget section */
		AADF970A1F6AA4E50030FC61 /* Fileter */ = {
			isa = PBXNativeTarget;
			buildConfigurationList = AADF971D1F6AA4E50030FC61 /* Build configuration list for PBXNativeTarget "Fileter" */;
			buildPhases = (
				AADF97071F6AA4E50030FC61 /* Sources */,
				AADF97081F6AA4E50030FC61 /* Frameworks */,
				AADF97091F6AA4E50030FC61 /* Resources */,
			);
			buildRules = (
			);
			dependencies = (
			);
			name = Fileter;
			productName = Fileter;
			productReference = AADF970B1F6AA4E50030FC61 /* Fileter.app */;
			productType = "com.apple.product-type.application";
		};
/* End PBXNativeTarget section */

/* Begin PBXProject section */
		AADF97031F6AA4E50030FC61 /* Project object */ = {
			isa = PBXProject;
			attributes = {
				LastSwiftUpdateCheck = 0830;
				LastUpgradeCheck = 0830;
				ORGANIZATIONNAME = Sample;
				TargetAttributes = {
					AADF970A1F6AA4E50030FC61 = {
						CreatedOnToolsVersion = 8.3.3;
						DevelopmentTeam = 6GG6YUX8VB;
						ProvisioningStyle = Automatic;
					};
				};
			};
			buildConfigurationList = AADF97061F6AA4E50030FC61 /* Build configuration list for PBXProject "Fileter" */;
			compatibilityVersion = "Xcode 3.2";
			developmentRegion = English;
			hasScannedForEncodings = 0;
			knownRegions = (
				en,
				Base,
			);
			mainGroup = AADF97021F6AA4E50030FC61;
			productRefGroup = AADF970C1F6AA4E50030FC61 /* Products */;
			projectDirPath = "";
			projectRoot = "";
			targets = (
				AADF970A1F6AA4E50030FC61 /* Fileter */,
			);
		};
/* End PBXProject section */

/* Begin PBXResourcesBuildPhase section */
		AADF97091F6AA4E50030FC61 /* Resources */ = {
			isa = PBXResourcesBuildPhase;
			buildActionMask = 2147483647;
			files = (
				AADF97191F6AA4E50030FC61 /* LaunchScreen.storyboard in Resources */,
				AADF97161F6AA4E50030FC61 /* Assets.xcassets in Resources */,
				AADF97141F6AA4E50030FC61 /* Main.storyboard in Resources */,
			);
			runOnlyForDeploymentPostprocessing = 0;
		};
/* End PBXResourcesBuildPhase section */

/* Begin PBXSourcesBuildPhase section */
		AADF97071F6AA4E50030FC61 /* Sources */ = {
			isa = PBXSourcesBuildPhase;
			buildActionMask = 2147483647;
			files = (
				AADF97111F6AA4E50030FC61 /* ViewController.swift in Sources */,
				AADF970F1F6AA4E50030FC61 /* AppDelegate.swift in Sources */,
			);
			runOnlyForDeploymentPostprocessing = 0;
		};
/* End PBXSourcesBuildPhase section */

/* Begin PBXVariantGroup section */
		AADF97121F6AA4E50030FC61 /* Main.storyboard */ = {
			isa = PBXVariantGroup;
			children = (
				AADF97131F6AA4E50030FC61 /* Base */,
			);
			name = Main.storyboard;
			sourceTree = "<group>";
		};
		AADF97171F6AA4E50030FC61 /* LaunchScreen.storyboard */ = {
			isa = PBXVariantGroup;
			children = (
				AADF97181F6AA4E50030FC61 /* Base */,
			);
			name = LaunchScreen.storyboard;
			sourceTree = "<group>";
		};
/* End PBXVariantGroup section */

/* Begin XCBuildConfiguration section */
		AADF971B1F6AA4E50030FC61 /* Debug */ = {
			isa = XCBuildConfiguration;
			buildSettings = {
				ALWAYS_SEARCH_USER_PATHS = NO;
				CLANG_ANALYZER_NONNULL = YES;
				CLANG_ANALYZER_NUMBER_OBJECT_CONVERSION = YES_AGGRESSIVE;
				CLANG_CXX_LANGUAGE_STANDARD = "gnu++0x";
				CLANG_CXX_LIBRARY = "libc++";
				CLANG_ENABLE_MODULES = YES;
				CLANG_ENABLE_OBJC_ARC = YES;
				CLANG_WARN_BOOL_CONVERSION = YES;
				CLANG_WARN_CONSTANT_CONVERSION = YES;
				CLANG_WARN_DIRECT_OBJC_ISA_USAGE = YES_ERROR;
				CLANG_WARN_DOCUMENTATION_COMMENTS = YES;
				CLANG_WARN_EMPTY_BODY = YES;
				CLANG_WARN_ENUM_CONVERSION = YES;
				CLANG_WARN_INFINITE_RECURSION = YES;
				CLANG_WARN_INT_CONVERSION = YES;
				CLANG_WARN_OBJC_ROOT_CLASS = YES_ERROR;
				CLANG_WARN_SUSPICIOUS_MOVE = YES;
				CLANG_WARN_UNREACHABLE_CODE = YES;
				CLANG_WARN__DUPLICATE_METHOD_MATCH = YES;
				"CODE_SIGN_IDENTITY[sdk=iphoneos*]" = "iPhone Developer";
				COPY_PHASE_STRIP = NO;
				DEBUG_INFORMATION_FORMAT = dwarf;
				ENABLE_STRICT_OBJC_MSGSEND = YES;
				ENABLE_TESTABILITY = YES;
				GCC_C_LANGUAGE_STANDARD = gnu99;
				GCC_DYNAMIC_NO_PIC = NO;
				GCC_NO_COMMON_BLOCKS = YES;
				GCC_OPTIMIZATION_LEVEL = 0;
				GCC_PREPROCESSOR_DEFINITIONS = (
					"DEBUG=1",
					"$(inherited)",
				);
				GCC_WARN_64_TO_32_BIT_CONVERSION = YES;
				GCC_WARN_ABOUT_RETURN_TYPE = YES_ERROR;
				GCC_WARN_UNDECLARED_SELECTOR = YES;
				GCC_WARN_UNINITIALIZED_AUTOS = YES_AGGRESSIVE;
				GCC_WARN_UNUSED_FUNCTION = YES;
				GCC_WARN_UNUSED_VARIABLE = YES;
				IPHONEOS_DEPLOYMENT_TARGET = 10.3;
				MTL_ENABLE_DEBUG_INFO = YES;
				ONLY_ACTIVE_ARCH = YES;
				SDKROOT = iphoneos;
				SWIFT_ACTIVE_COMPILATION_CONDITIONS = DEBUG;
				SWIFT_OPTIMIZATION_LEVEL = "-Onone";
				TARGETED_DEVICE_FAMILY = "1,2";
			};
			name = Debug;
		};
		AADF971C1F6AA4E50030FC61 /* Release */ = {
			isa = XCBuildConfiguration;
			buildSettings = {
				ALWAYS_SEARCH_USER_PATHS = NO;
				CLANG_ANALYZER_NONNULL = YES;
				CLANG_ANALYZER_NUMBER_OBJECT_CONVERSION = YES_AGGRESSIVE;
				CLANG_CXX_LANGUAGE_STANDARD = "gnu++0x";
				CLANG_CXX_LIBRARY = "libc++";
				CLANG_ENABLE_MODULES = YES;
				CLANG_ENABLE_OBJC_ARC = YES;
				CLANG_WARN_BOOL_CONVERSION = YES;
				CLANG_WARN_CONSTANT_CONVERSION = YES;
				CLANG_WARN_DIRECT_OBJC_ISA_USAGE = YES_ERROR;
				CLANG_WARN_DOCUMENTATION_COMMENTS = YES;
				CLANG_WARN_EMPTY_BODY = YES;
				CLANG_WARN_ENUM_CONVERSION = YES;
				CLANG_WARN_INFINITE_RECURSION = YES;
				CLANG_WARN_INT_CONVERSION = YES;
				CLANG_WARN_OBJC_ROOT_CLASS = YES_ERROR;
				CLANG_WARN_SUSPICIOUS_MOVE = YES;
				CLANG_WARN_UNREACHABLE_CODE = YES;
				CLANG_WARN__DUPLICATE_METHOD_MATCH = YES;
				"CODE_SIGN_IDENTITY[sdk=iphoneos*]" = "iPhone Developer";
				COPY_PHASE_STRIP = NO;
				DEBUG_INFORMATION_FORMAT = "dwarf-with-dsym";
				ENABLE_NS_ASSERTIONS = NO;
				ENABLE_STRICT_OBJC_MSGSEND = YES;
				GCC_C_LANGUAGE_STANDARD = gnu99;
				GCC_NO_COMMON_BLOCKS = YES;
				GCC_WARN_64_TO_32_BIT_CONVERSION = YES;
				GCC_WARN_ABOUT_RETURN_TYPE = YES_ERROR;
				GCC_WARN_UNDECLARED_SELECTOR = YES;
				GCC_WARN_UNINITIALIZED_AUTOS = YES_AGGRESSIVE;
				GCC_WARN_UNUSED_FUNCTION = YES;
				GCC_WARN_UNUSED_VARIABLE = YES;
				IPHONEOS_DEPLOYMENT_TARGET = 10.3;
				MTL_ENABLE_DEBUG_INFO = NO;
				SDKROOT = iphoneos;
				SWIFT_OPTIMIZATION_LEVEL = "-Owholemodule";
				TARGETED_DEVICE_FAMILY = "1,2";
				VALIDATE_PRODUCT = YES;
			};
			name = Release;
		};
		AADF971E1F6AA4E50030FC61 /* Debug */ = {
			isa = XCBuildConfiguration;
			buildSettings = {
				ASSETCATALOG_COMPILER_APPICON_NAME = AppIcon;
				DEVELOPMENT_TEAM = 6GG6YUX8VB;
				INFOPLIST_FILE = Fileter/Info.plist;
				LD_RUNPATH_SEARCH_PATHS = "$(inherited) @executable_path/Frameworks";
				PRODUCT_BUNDLE_IDENTIFIER = com.example.Fileter;
				PRODUCT_NAME = "$(TARGET_NAME)";
				SWIFT_VERSION = 3.0;
			};
			name = Debug;
		};
		AADF971F1F6AA4E50030FC61 /* Release */ = {
			isa = XCBuildConfiguration;
			buildSettings = {
				ASSETCATALOG_COMPILER_APPICON_NAME = AppIcon;
				DEVELOPMENT_TEAM = 6GG6YUX8VB;
				INFOPLIST_FILE = Fileter/Info.plist;
				LD_RUNPATH_SEARCH_PATHS = "$(inherited) @executable_path/Frameworks";
				PRODUCT_BUNDLE_IDENTIFIER = com.example.Fileter;
				PRODUCT_NAME = "$(TARGET_NAME)";
				SWIFT_VERSION = 3.0;
			};
			name = Release;
		};
/* End XCBuildConfiguration section */

/* Begin XCConfigurationList section */
		AADF97061F6AA4E50030FC61 /* Build configuration list for PBXProject "Fileter" */ = {
			isa = XCConfigurationList;
			buildConfigurations = (
				AADF971B1F6AA4E50030FC61 /* Debug */,
				AADF971C1F6AA4E50030FC61 /* Release */,
			);
			defaultConfigurationIsVisible = 0;
			defaultConfigurationName = Release;
		};
		AADF971D1F6AA4E50030FC61 /* Build configuration list for PBXNativeTarget "Fileter" */ = {
			isa = XCConfigurationList;
			buildConfigurations = (
				AADF971E1F6AA4E50030FC61 /* Debug */,
				AADF971F1F6AA4E50030FC61 /* Release */,
			);
			defaultConfigurationIsVisible = 0;
		};
/* End XCConfigurationList section */
	};
	rootObject = AADF97031F6AA4E50030FC61 /* Project object */;
}
